
Microsoft Visual Studio Solution File, Format Version 12.00
# Visual Studio Version 17
VisualStudioVersion = 17.8.34408.163
MinimumVisualStudioVersion = 10.0.40219.1
Project("{2150E333-8FDC-42A3-9474-1A3956D46DE8}") = "CSharpAdvanced-Exercises", "CSharpAdvanced-Exercises", "{46D575F5-DF39-4348-92BA-D68A5D1A7F78}"
EndProject
Project("{2150E333-8FDC-42A3-9474-1A3956D46DE8}") = "01.StacksAndQueues", "01.StacksAndQueues", "{920B14FB-D0DE-45E7-BD76-3DABE8895F19}"
EndProject
Project("{2150E333-8FDC-42A3-9474-1A3956D46DE8}") = "02.MultidimensionalArrays", "02.MultidimensionalArrays", "{CC4E4775-5F3C-442C-AADE-E4A0C2A1931C}"
EndProject
Project("{2150E333-8FDC-42A3-9474-1A3956D46DE8}") = "03.SetsAndDictionariesAdvanced", "03.SetsAndDictionariesAdvanced", "{A032D288-83AA-4C63-950F-E76B11D05A64}"
EndProject
Project("{2150E333-8FDC-42A3-9474-1A3956D46DE8}") = "04.StreamsFilesAndDirectories", "04.StreamsFilesAndDirectories", "{5EC8AC2C-9E58-4F98-9EC2-66BCE0103B4F}"
EndProject
Project("{2150E333-8FDC-42A3-9474-1A3956D46DE8}") = "05.FunctionalProgramming", "05.FunctionalProgramming", "{5D6BFDDE-C186-4573-8405-6187A948912F}"
EndProject
Project("{2150E333-8FDC-42A3-9474-1A3956D46DE8}") = "Queues", "Queues", "{1778BEA6-5202-4863-8C8F-DB2C1B5ABF14}"
EndProject
Project("{2150E333-8FDC-42A3-9474-1A3956D46DE8}") = "Stacks", "Stacks", "{1BFF6DF4-5301-4B63-BD2B-852EAAADAC0F}"
EndProject
Project("{FAE04EC0-301F-11D3-BF4B-00C04F79EFBC}") = "02.BasicQueueOperations", "02.BasicQueueOperations\02.BasicQueueOperations.csproj", "{3DA7A93B-AC0B-4383-99D8-4BF154E25CF2}"
EndProject
Project("{FAE04EC0-301F-11D3-BF4B-00C04F79EFBC}") = "04.FastFood", "04.FastFood\04.FastFood.csproj", "{27661099-EC9B-4270-98C9-BDC4E762D4E7}"
EndProject
Project("{FAE04EC0-301F-11D3-BF4B-00C04F79EFBC}") = "06.SongsQueue", "06.SongsQueue\06.SongsQueue.csproj", "{FEE9C985-E304-4CAB-9008-4B73B46A3C0E}"
EndProject
Project("{FAE04EC0-301F-11D3-BF4B-00C04F79EFBC}") = "07.TruckTour", "07.TruckTour\07.TruckTour.csproj", "{21241FD0-0D5E-4E38-9F9B-718F25E791E2}"
EndProject
Project("{FAE04EC0-301F-11D3-BF4B-00C04F79EFBC}") = "10.Crossroads", "10.Crossroads\10.Crossroads.csproj", "{D828CED7-831D-4EF9-99C1-BFC61E0B7896}"
EndProject
Project("{FAE04EC0-301F-11D3-BF4B-00C04F79EFBC}") = "01.BasicStackOperations", "01.BasicStackOperations\01.BasicStackOperations.csproj", "{E01C2C92-1769-40B1-8914-C621B22A6854}"
EndProject
Project("{FAE04EC0-301F-11D3-BF4B-00C04F79EFBC}") = "03.MaximumAndMinimumElement", "03.MaximumAndMinimumElement\03.MaximumAndMinimumElement.csproj", "{9741FC0E-25D2-4E55-B3F5-BCAD5B5371C7}"
EndProject
Project("{FAE04EC0-301F-11D3-BF4B-00C04F79EFBC}") = "05.FashionBoutique", "05.FashionBoutique\05.FashionBoutique.csproj", "{12FE8FFD-C388-4A56-8303-94BFCF81815B}"
EndProject
Project("{FAE04EC0-301F-11D3-BF4B-00C04F79EFBC}") = "08.BalancedParenthesis", "08.BalancedParenthesis\08.BalancedParenthesis.csproj", "{ED967716-AC48-4928-9CF0-D7620EE025C3}"
EndProject
Project("{FAE04EC0-301F-11D3-BF4B-00C04F79EFBC}") = "09.SimpleTextEditor", "09.SimpleTextEditor\09.SimpleTextEditor.csproj", "{EEFF10C9-A3DF-4E23-BF5B-639141260116}"
EndProject
Project("{FAE04EC0-301F-11D3-BF4B-00C04F79EFBC}") = "11.KeyRevolver", "11.KeyRevolver\11.KeyRevolver.csproj", "{C43D87B7-D0A4-47AB-8A5C-E19C89A74F48}"
EndProject
Project("{FAE04EC0-301F-11D3-BF4B-00C04F79EFBC}") = "12.CupsAndBottles", "12.CupsAndBottles\12.CupsAndBottles.csproj", "{5D051AC7-E618-4B33-B396-23470704047D}"
EndProject
Project("{FAE04EC0-301F-11D3-BF4B-00C04F79EFBC}") = "01.DiagonalDifference", "01.DiagonalDifference\01.DiagonalDifference.csproj", "{BD6B2AA2-2EB9-4F2B-BD5F-FFE567335729}"
EndProject
Project("{FAE04EC0-301F-11D3-BF4B-00C04F79EFBC}") = "02.SquaresInMatrix", "02.SquaresInMatrix\02.SquaresInMatrix.csproj", "{D89EBCB1-4E21-4D45-9DFA-A37E5BEABDD9}"
EndProject
Project("{FAE04EC0-301F-11D3-BF4B-00C04F79EFBC}") = "03.MaximalSum", "03.MaximalSum\03.MaximalSum.csproj", "{301ADDF8-A0C1-46DA-A355-CF396680C49F}"
EndProject
Project("{FAE04EC0-301F-11D3-BF4B-00C04F79EFBC}") = "04.MatrixShuffling", "04.MatrixShuffling\04.MatrixShuffling.csproj", "{BD886BEF-10BB-483B-AFDB-D8969DE3E21E}"
EndProject
Project("{FAE04EC0-301F-11D3-BF4B-00C04F79EFBC}") = "05.SnakeMoves", "05.SnakeMoves\05.SnakeMoves.csproj", "{3CDC3C01-F413-4811-8C62-241CC5847199}"
EndProject
Project("{FAE04EC0-301F-11D3-BF4B-00C04F79EFBC}") = "06.JaggedArrayManipulator", "06.JaggedArrayManipulator\06.JaggedArrayManipulator.csproj", "{D242BE3D-C262-4266-B1D2-4ED21BA14749}"
EndProject
Project("{FAE04EC0-301F-11D3-BF4B-00C04F79EFBC}") = "07.KnightGame", "07.KnightGame\07.KnightGame.csproj", "{878454A3-0754-433E-AE01-AC46E89886AA}"
EndProject
Project("{FAE04EC0-301F-11D3-BF4B-00C04F79EFBC}") = "08.Bombs", "08.Bombs\08.Bombs.csproj", "{F0BD208E-42AE-46AF-9C65-19AFEDFE2B7F}"
EndProject
Project("{FAE04EC0-301F-11D3-BF4B-00C04F79EFBC}") = "09.Miner", "09.Miner\09.Miner.csproj", "{0EC71A0F-1A61-4623-B198-EF885B31903C}"
EndProject
Project("{FAE04EC0-301F-11D3-BF4B-00C04F79EFBC}") = "10.RadioactiveMutantVampireBunnies", "10.RadioactiveMutantVampireBunnies\10.RadioactiveMutantVampireBunnies.csproj", "{18C17B4D-855D-4DD5-9579-FAB23432C917}"
EndProject
Global
	GlobalSection(SolutionConfigurationPlatforms) = preSolution
		Debug|Any CPU = Debug|Any CPU
		Release|Any CPU = Release|Any CPU
	EndGlobalSection
	GlobalSection(ProjectConfigurationPlatforms) = postSolution
		{3DA7A93B-AC0B-4383-99D8-4BF154E25CF2}.Debug|Any CPU.ActiveCfg = Debug|Any CPU
		{3DA7A93B-AC0B-4383-99D8-4BF154E25CF2}.Debug|Any CPU.Build.0 = Debug|Any CPU
		{3DA7A93B-AC0B-4383-99D8-4BF154E25CF2}.Release|Any CPU.ActiveCfg = Release|Any CPU
		{3DA7A93B-AC0B-4383-99D8-4BF154E25CF2}.Release|Any CPU.Build.0 = Release|Any CPU
		{27661099-EC9B-4270-98C9-BDC4E762D4E7}.Debug|Any CPU.ActiveCfg = Debug|Any CPU
		{27661099-EC9B-4270-98C9-BDC4E762D4E7}.Debug|Any CPU.Build.0 = Debug|Any CPU
		{27661099-EC9B-4270-98C9-BDC4E762D4E7}.Release|Any CPU.ActiveCfg = Release|Any CPU
		{27661099-EC9B-4270-98C9-BDC4E762D4E7}.Release|Any CPU.Build.0 = Release|Any CPU
		{FEE9C985-E304-4CAB-9008-4B73B46A3C0E}.Debug|Any CPU.ActiveCfg = Debug|Any CPU
		{FEE9C985-E304-4CAB-9008-4B73B46A3C0E}.Debug|Any CPU.Build.0 = Debug|Any CPU
		{FEE9C985-E304-4CAB-9008-4B73B46A3C0E}.Release|Any CPU.ActiveCfg = Release|Any CPU
		{FEE9C985-E304-4CAB-9008-4B73B46A3C0E}.Release|Any CPU.Build.0 = Release|Any CPU
		{21241FD0-0D5E-4E38-9F9B-718F25E791E2}.Debug|Any CPU.ActiveCfg = Debug|Any CPU
		{21241FD0-0D5E-4E38-9F9B-718F25E791E2}.Debug|Any CPU.Build.0 = Debug|Any CPU
		{21241FD0-0D5E-4E38-9F9B-718F25E791E2}.Release|Any CPU.ActiveCfg = Release|Any CPU
		{21241FD0-0D5E-4E38-9F9B-718F25E791E2}.Release|Any CPU.Build.0 = Release|Any CPU
		{D828CED7-831D-4EF9-99C1-BFC61E0B7896}.Debug|Any CPU.ActiveCfg = Debug|Any CPU
		{D828CED7-831D-4EF9-99C1-BFC61E0B7896}.Debug|Any CPU.Build.0 = Debug|Any CPU
		{D828CED7-831D-4EF9-99C1-BFC61E0B7896}.Release|Any CPU.ActiveCfg = Release|Any CPU
		{D828CED7-831D-4EF9-99C1-BFC61E0B7896}.Release|Any CPU.Build.0 = Release|Any CPU
		{E01C2C92-1769-40B1-8914-C621B22A6854}.Debug|Any CPU.ActiveCfg = Debug|Any CPU
		{E01C2C92-1769-40B1-8914-C621B22A6854}.Debug|Any CPU.Build.0 = Debug|Any CPU
		{E01C2C92-1769-40B1-8914-C621B22A6854}.Release|Any CPU.ActiveCfg = Release|Any CPU
		{E01C2C92-1769-40B1-8914-C621B22A6854}.Release|Any CPU.Build.0 = Release|Any CPU
		{9741FC0E-25D2-4E55-B3F5-BCAD5B5371C7}.Debug|Any CPU.ActiveCfg = Debug|Any CPU
		{9741FC0E-25D2-4E55-B3F5-BCAD5B5371C7}.Debug|Any CPU.Build.0 = Debug|Any CPU
		{9741FC0E-25D2-4E55-B3F5-BCAD5B5371C7}.Release|Any CPU.ActiveCfg = Release|Any CPU
		{9741FC0E-25D2-4E55-B3F5-BCAD5B5371C7}.Release|Any CPU.Build.0 = Release|Any CPU
		{12FE8FFD-C388-4A56-8303-94BFCF81815B}.Debug|Any CPU.ActiveCfg = Debug|Any CPU
		{12FE8FFD-C388-4A56-8303-94BFCF81815B}.Debug|Any CPU.Build.0 = Debug|Any CPU
		{12FE8FFD-C388-4A56-8303-94BFCF81815B}.Release|Any CPU.ActiveCfg = Release|Any CPU
		{12FE8FFD-C388-4A56-8303-94BFCF81815B}.Release|Any CPU.Build.0 = Release|Any CPU
		{ED967716-AC48-4928-9CF0-D7620EE025C3}.Debug|Any CPU.ActiveCfg = Debug|Any CPU
		{ED967716-AC48-4928-9CF0-D7620EE025C3}.Debug|Any CPU.Build.0 = Debug|Any CPU
		{ED967716-AC48-4928-9CF0-D7620EE025C3}.Release|Any CPU.ActiveCfg = Release|Any CPU
		{ED967716-AC48-4928-9CF0-D7620EE025C3}.Release|Any CPU.Build.0 = Release|Any CPU
		{EEFF10C9-A3DF-4E23-BF5B-639141260116}.Debug|Any CPU.ActiveCfg = Debug|Any CPU
		{EEFF10C9-A3DF-4E23-BF5B-639141260116}.Debug|Any CPU.Build.0 = Debug|Any CPU
		{EEFF10C9-A3DF-4E23-BF5B-639141260116}.Release|Any CPU.ActiveCfg = Release|Any CPU
		{EEFF10C9-A3DF-4E23-BF5B-639141260116}.Release|Any CPU.Build.0 = Release|Any CPU
		{C43D87B7-D0A4-47AB-8A5C-E19C89A74F48}.Debug|Any CPU.ActiveCfg = Debug|Any CPU
		{C43D87B7-D0A4-47AB-8A5C-E19C89A74F48}.Debug|Any CPU.Build.0 = Debug|Any CPU
		{C43D87B7-D0A4-47AB-8A5C-E19C89A74F48}.Release|Any CPU.ActiveCfg = Release|Any CPU
		{C43D87B7-D0A4-47AB-8A5C-E19C89A74F48}.Release|Any CPU.Build.0 = Release|Any CPU
		{5D051AC7-E618-4B33-B396-23470704047D}.Debug|Any CPU.ActiveCfg = Debug|Any CPU
		{5D051AC7-E618-4B33-B396-23470704047D}.Debug|Any CPU.Build.0 = Debug|Any CPU
		{5D051AC7-E618-4B33-B396-23470704047D}.Release|Any CPU.ActiveCfg = Release|Any CPU
		{5D051AC7-E618-4B33-B396-23470704047D}.Release|Any CPU.Build.0 = Release|Any CPU
		{BD6B2AA2-2EB9-4F2B-BD5F-FFE567335729}.Debug|Any CPU.ActiveCfg = Debug|Any CPU
		{BD6B2AA2-2EB9-4F2B-BD5F-FFE567335729}.Debug|Any CPU.Build.0 = Debug|Any CPU
		{BD6B2AA2-2EB9-4F2B-BD5F-FFE567335729}.Release|Any CPU.ActiveCfg = Release|Any CPU
		{BD6B2AA2-2EB9-4F2B-BD5F-FFE567335729}.Release|Any CPU.Build.0 = Release|Any CPU
		{D89EBCB1-4E21-4D45-9DFA-A37E5BEABDD9}.Debug|Any CPU.ActiveCfg = Debug|Any CPU
		{D89EBCB1-4E21-4D45-9DFA-A37E5BEABDD9}.Debug|Any CPU.Build.0 = Debug|Any CPU
		{D89EBCB1-4E21-4D45-9DFA-A37E5BEABDD9}.Release|Any CPU.ActiveCfg = Release|Any CPU
		{D89EBCB1-4E21-4D45-9DFA-A37E5BEABDD9}.Release|Any CPU.Build.0 = Release|Any CPU
		{301ADDF8-A0C1-46DA-A355-CF396680C49F}.Debug|Any CPU.ActiveCfg = Debug|Any CPU
		{301ADDF8-A0C1-46DA-A355-CF396680C49F}.Debug|Any CPU.Build.0 = Debug|Any CPU
		{301ADDF8-A0C1-46DA-A355-CF396680C49F}.Release|Any CPU.ActiveCfg = Release|Any CPU
		{301ADDF8-A0C1-46DA-A355-CF396680C49F}.Release|Any CPU.Build.0 = Release|Any CPU
		{BD886BEF-10BB-483B-AFDB-D8969DE3E21E}.Debug|Any CPU.ActiveCfg = Debug|Any CPU
		{BD886BEF-10BB-483B-AFDB-D8969DE3E21E}.Debug|Any CPU.Build.0 = Debug|Any CPU
		{BD886BEF-10BB-483B-AFDB-D8969DE3E21E}.Release|Any CPU.ActiveCfg = Release|Any CPU
		{BD886BEF-10BB-483B-AFDB-D8969DE3E21E}.Release|Any CPU.Build.0 = Release|Any CPU
		{3CDC3C01-F413-4811-8C62-241CC5847199}.Debug|Any CPU.ActiveCfg = Debug|Any CPU
		{3CDC3C01-F413-4811-8C62-241CC5847199}.Debug|Any CPU.Build.0 = Debug|Any CPU
		{3CDC3C01-F413-4811-8C62-241CC5847199}.Release|Any CPU.ActiveCfg = Release|Any CPU
		{3CDC3C01-F413-4811-8C62-241CC5847199}.Release|Any CPU.Build.0 = Release|Any CPU
		{D242BE3D-C262-4266-B1D2-4ED21BA14749}.Debug|Any CPU.ActiveCfg = Debug|Any CPU
		{D242BE3D-C262-4266-B1D2-4ED21BA14749}.Debug|Any CPU.Build.0 = Debug|Any CPU
		{D242BE3D-C262-4266-B1D2-4ED21BA14749}.Release|Any CPU.ActiveCfg = Release|Any CPU
		{D242BE3D-C262-4266-B1D2-4ED21BA14749}.Release|Any CPU.Build.0 = Release|Any CPU
		{878454A3-0754-433E-AE01-AC46E89886AA}.Debug|Any CPU.ActiveCfg = Debug|Any CPU
		{878454A3-0754-433E-AE01-AC46E89886AA}.Debug|Any CPU.Build.0 = Debug|Any CPU
		{878454A3-0754-433E-AE01-AC46E89886AA}.Release|Any CPU.ActiveCfg = Release|Any CPU
		{878454A3-0754-433E-AE01-AC46E89886AA}.Release|Any CPU.Build.0 = Release|Any CPU
		{F0BD208E-42AE-46AF-9C65-19AFEDFE2B7F}.Debug|Any CPU.ActiveCfg = Debug|Any CPU
		{F0BD208E-42AE-46AF-9C65-19AFEDFE2B7F}.Debug|Any CPU.Build.0 = Debug|Any CPU
		{F0BD208E-42AE-46AF-9C65-19AFEDFE2B7F}.Release|Any CPU.ActiveCfg = Release|Any CPU
		{F0BD208E-42AE-46AF-9C65-19AFEDFE2B7F}.Release|Any CPU.Build.0 = Release|Any CPU
		{0EC71A0F-1A61-4623-B198-EF885B31903C}.Debug|Any CPU.ActiveCfg = Debug|Any CPU
		{0EC71A0F-1A61-4623-B198-EF885B31903C}.Debug|Any CPU.Build.0 = Debug|Any CPU
		{0EC71A0F-1A61-4623-B198-EF885B31903C}.Release|Any CPU.ActiveCfg = Release|Any CPU
		{0EC71A0F-1A61-4623-B198-EF885B31903C}.Release|Any CPU.Build.0 = Release|Any CPU
		{18C17B4D-855D-4DD5-9579-FAB23432C917}.Debug|Any CPU.ActiveCfg = Debug|Any CPU
		{18C17B4D-855D-4DD5-9579-FAB23432C917}.Debug|Any CPU.Build.0 = Debug|Any CPU
		{18C17B4D-855D-4DD5-9579-FAB23432C917}.Release|Any CPU.ActiveCfg = Release|Any CPU
		{18C17B4D-855D-4DD5-9579-FAB23432C917}.Release|Any CPU.Build.0 = Release|Any CPU
	EndGlobalSection
	GlobalSection(SolutionProperties) = preSolution
		HideSolutionNode = FALSE
	EndGlobalSection
	GlobalSection(NestedProjects) = preSolution
		{920B14FB-D0DE-45E7-BD76-3DABE8895F19} = {46D575F5-DF39-4348-92BA-D68A5D1A7F78}
		{CC4E4775-5F3C-442C-AADE-E4A0C2A1931C} = {46D575F5-DF39-4348-92BA-D68A5D1A7F78}
		{A032D288-83AA-4C63-950F-E76B11D05A64} = {46D575F5-DF39-4348-92BA-D68A5D1A7F78}
		{5EC8AC2C-9E58-4F98-9EC2-66BCE0103B4F} = {46D575F5-DF39-4348-92BA-D68A5D1A7F78}
		{5D6BFDDE-C186-4573-8405-6187A948912F} = {46D575F5-DF39-4348-92BA-D68A5D1A7F78}
		{1778BEA6-5202-4863-8C8F-DB2C1B5ABF14} = {920B14FB-D0DE-45E7-BD76-3DABE8895F19}
		{1BFF6DF4-5301-4B63-BD2B-852EAAADAC0F} = {920B14FB-D0DE-45E7-BD76-3DABE8895F19}
		{3DA7A93B-AC0B-4383-99D8-4BF154E25CF2} = {1778BEA6-5202-4863-8C8F-DB2C1B5ABF14}
		{27661099-EC9B-4270-98C9-BDC4E762D4E7} = {1778BEA6-5202-4863-8C8F-DB2C1B5ABF14}
		{FEE9C985-E304-4CAB-9008-4B73B46A3C0E} = {1778BEA6-5202-4863-8C8F-DB2C1B5ABF14}
		{21241FD0-0D5E-4E38-9F9B-718F25E791E2} = {1778BEA6-5202-4863-8C8F-DB2C1B5ABF14}
		{D828CED7-831D-4EF9-99C1-BFC61E0B7896} = {1778BEA6-5202-4863-8C8F-DB2C1B5ABF14}
		{E01C2C92-1769-40B1-8914-C621B22A6854} = {1BFF6DF4-5301-4B63-BD2B-852EAAADAC0F}
		{9741FC0E-25D2-4E55-B3F5-BCAD5B5371C7} = {1BFF6DF4-5301-4B63-BD2B-852EAAADAC0F}
		{12FE8FFD-C388-4A56-8303-94BFCF81815B} = {1BFF6DF4-5301-4B63-BD2B-852EAAADAC0F}
		{ED967716-AC48-4928-9CF0-D7620EE025C3} = {1BFF6DF4-5301-4B63-BD2B-852EAAADAC0F}
		{EEFF10C9-A3DF-4E23-BF5B-639141260116} = {1BFF6DF4-5301-4B63-BD2B-852EAAADAC0F}
		{C43D87B7-D0A4-47AB-8A5C-E19C89A74F48} = {920B14FB-D0DE-45E7-BD76-3DABE8895F19}
		{5D051AC7-E618-4B33-B396-23470704047D} = {920B14FB-D0DE-45E7-BD76-3DABE8895F19}
		{BD6B2AA2-2EB9-4F2B-BD5F-FFE567335729} = {CC4E4775-5F3C-442C-AADE-E4A0C2A1931C}
		{D89EBCB1-4E21-4D45-9DFA-A37E5BEABDD9} = {CC4E4775-5F3C-442C-AADE-E4A0C2A1931C}
		{301ADDF8-A0C1-46DA-A355-CF396680C49F} = {CC4E4775-5F3C-442C-AADE-E4A0C2A1931C}
		{BD886BEF-10BB-483B-AFDB-D8969DE3E21E} = {CC4E4775-5F3C-442C-AADE-E4A0C2A1931C}
		{3CDC3C01-F413-4811-8C62-241CC5847199} = {CC4E4775-5F3C-442C-AADE-E4A0C2A1931C}
		{D242BE3D-C262-4266-B1D2-4ED21BA14749} = {CC4E4775-5F3C-442C-AADE-E4A0C2A1931C}
		{878454A3-0754-433E-AE01-AC46E89886AA} = {CC4E4775-5F3C-442C-AADE-E4A0C2A1931C}
		{F0BD208E-42AE-46AF-9C65-19AFEDFE2B7F} = {CC4E4775-5F3C-442C-AADE-E4A0C2A1931C}
		{0EC71A0F-1A61-4623-B198-EF885B31903C} = {CC4E4775-5F3C-442C-AADE-E4A0C2A1931C}
		{18C17B4D-855D-4DD5-9579-FAB23432C917} = {CC4E4775-5F3C-442C-AADE-E4A0C2A1931C}
	EndGlobalSection
	GlobalSection(ExtensibilityGlobals) = postSolution
		SolutionGuid = {DB4A8D13-3B1A-407D-ACDB-D4453A35096D}
	EndGlobalSection
EndGlobal
